
Microsoft Visual Studio Solution File, Format Version 12.00
# Visual Studio Version 17
VisualStudioVersion = 17.0.31903.59
MinimumVisualStudioVersion = 10.0.40219.1
Project("{2150E333-8FDC-42A3-9474-1A3956D46DE8}") = "src", "src", "{C6041F21-63E7-4081-BB69-D0426F526D2F}"
EndProject
Project("{FAE04EC0-301F-11D3-BF4B-00C04F79EFBC}") = "RightWay.Api", "src\RightWay.Api\RightWay.Api.csproj", "{9CE59632-951A-4541-BF9D-6D6EEE28DC22}"
EndProject
Project("{2150E333-8FDC-42A3-9474-1A3956D46DE8}") = "Core", "Core", "{08DE666A-2FF8-471A-9EF5-CC0B2046BA3A}"
EndProject
Project("{FAE04EC0-301F-11D3-BF4B-00C04F79EFBC}") = "RightWay.Application", "src\Core\RightWay.Application\RightWay.Application.csproj", "{5501C347-F93B-4E04-9C9D-1043530027F1}"
EndProject
Project("{FAE04EC0-301F-11D3-BF4B-00C04F79EFBC}") = "RightWay.Data", "src\Core\RightWay.Data\RightWay.Data.csproj", "{C7C39F7D-A27A-4CF4-BE21-E4E991AFD83D}"
EndProject
Project("{FAE04EC0-301F-11D3-BF4B-00C04F79EFBC}") = "RightWay.Domain", "src\Core\RightWay.Domain\RightWay.Domain.csproj", "{6F97BF17-86F1-4B12-9637-5B713F92D085}"
EndProject
Project("{FAE04EC0-301F-11D3-BF4B-00C04F79EFBC}") = "RightWay.Ioc", "src\Core\RightWay.Ioc\RightWay.Ioc.csproj", "{EAD0539F-E51F-45EC-8EF4-D0C9F7EFFA19}"
EndProject
Project("{2150E333-8FDC-42A3-9474-1A3956D46DE8}") = "Service", "Service", "{A611846C-BCD3-4E46-878E-D328CE2289E1}"
EndProject
Project("{FAE04EC0-301F-11D3-BF4B-00C04F79EFBC}") = "RightWay.RabbitMQ", "src\Service\RightWay.RabbitMQ\RightWay.RabbitMQ.csproj", "{8433C65B-5F4B-4A3E-8B37-2E4EC5345689}"
EndProject
Project("{2150E333-8FDC-42A3-9474-1A3956D46DE8}") = "tests", "tests", "{EE23DAB5-4BE2-457A-86DD-9A24B1F0D95B}"
EndProject
Project("{FAE04EC0-301F-11D3-BF4B-00C04F79EFBC}") = "RightWay.Domain.Tests", "tests\RightWay.Domain.Tests\RightWay.Domain.Tests.csproj", "{B902A4F3-1F82-4C5A-8D29-31AB0132A73E}"
EndProject
Project("{FAE04EC0-301F-11D3-BF4B-00C04F79EFBC}") = "RightWay.Application.Tests", "tests\RightWay.Application.Tests\RightWay.Application.Tests.csproj", "{E93BFADC-7834-4BC3-8A5E-8C460A4698BB}"
EndProject
Project("{FAE04EC0-301F-11D3-BF4B-00C04F79EFBC}") = "RightWay.Data.Tests", "tests\RightWay.Data.Tests\RightWay.Data.Tests.csproj", "{A233A451-7CE5-4C5D-8BBD-303EB2D8DA52}"
EndProject
Project("{FAE04EC0-301F-11D3-BF4B-00C04F79EFBC}") = "RightWay.Ioc.Tests", "tests\RightWay.Ioc.Tests\RightWay.Ioc.Tests.csproj", "{DF1BFB03-A262-490F-B09B-FE3A05ECE81E}"
EndProject
Global
	GlobalSection(SolutionConfigurationPlatforms) = preSolution
		Debug|Any CPU = Debug|Any CPU
		Release|Any CPU = Release|Any CPU
	EndGlobalSection
	GlobalSection(SolutionProperties) = preSolution
		HideSolutionNode = FALSE
	EndGlobalSection
	GlobalSection(ProjectConfigurationPlatforms) = postSolution
		{9CE59632-951A-4541-BF9D-6D6EEE28DC22}.Debug|Any CPU.ActiveCfg = Debug|Any CPU
		{9CE59632-951A-4541-BF9D-6D6EEE28DC22}.Debug|Any CPU.Build.0 = Debug|Any CPU
		{9CE59632-951A-4541-BF9D-6D6EEE28DC22}.Release|Any CPU.ActiveCfg = Release|Any CPU
		{9CE59632-951A-4541-BF9D-6D6EEE28DC22}.Release|Any CPU.Build.0 = Release|Any CPU
		{5501C347-F93B-4E04-9C9D-1043530027F1}.Debug|Any CPU.ActiveCfg = Debug|Any CPU
		{5501C347-F93B-4E04-9C9D-1043530027F1}.Debug|Any CPU.Build.0 = Debug|Any CPU
		{5501C347-F93B-4E04-9C9D-1043530027F1}.Release|Any CPU.ActiveCfg = Release|Any CPU
		{5501C347-F93B-4E04-9C9D-1043530027F1}.Release|Any CPU.Build.0 = Release|Any CPU
		{C7C39F7D-A27A-4CF4-BE21-E4E991AFD83D}.Debug|Any CPU.ActiveCfg = Debug|Any CPU
		{C7C39F7D-A27A-4CF4-BE21-E4E991AFD83D}.Debug|Any CPU.Build.0 = Debug|Any CPU
		{C7C39F7D-A27A-4CF4-BE21-E4E991AFD83D}.Release|Any CPU.ActiveCfg = Release|Any CPU
		{C7C39F7D-A27A-4CF4-BE21-E4E991AFD83D}.Release|Any CPU.Build.0 = Release|Any CPU
		{6F97BF17-86F1-4B12-9637-5B713F92D085}.Debug|Any CPU.ActiveCfg = Debug|Any CPU
		{6F97BF17-86F1-4B12-9637-5B713F92D085}.Debug|Any CPU.Build.0 = Debug|Any CPU
		{6F97BF17-86F1-4B12-9637-5B713F92D085}.Release|Any CPU.ActiveCfg = Release|Any CPU
		{6F97BF17-86F1-4B12-9637-5B713F92D085}.Release|Any CPU.Build.0 = Release|Any CPU
		{EAD0539F-E51F-45EC-8EF4-D0C9F7EFFA19}.Debug|Any CPU.ActiveCfg = Debug|Any CPU
		{EAD0539F-E51F-45EC-8EF4-D0C9F7EFFA19}.Debug|Any CPU.Build.0 = Debug|Any CPU
		{EAD0539F-E51F-45EC-8EF4-D0C9F7EFFA19}.Release|Any CPU.ActiveCfg = Release|Any CPU
		{EAD0539F-E51F-45EC-8EF4-D0C9F7EFFA19}.Release|Any CPU.Build.0 = Release|Any CPU
		{8433C65B-5F4B-4A3E-8B37-2E4EC5345689}.Debug|Any CPU.ActiveCfg = Debug|Any CPU
		{8433C65B-5F4B-4A3E-8B37-2E4EC5345689}.Debug|Any CPU.Build.0 = Debug|Any CPU
		{8433C65B-5F4B-4A3E-8B37-2E4EC5345689}.Release|Any CPU.ActiveCfg = Release|Any CPU
		{8433C65B-5F4B-4A3E-8B37-2E4EC5345689}.Release|Any CPU.Build.0 = Release|Any CPU
		{B902A4F3-1F82-4C5A-8D29-31AB0132A73E}.Debug|Any CPU.ActiveCfg = Debug|Any CPU
		{B902A4F3-1F82-4C5A-8D29-31AB0132A73E}.Debug|Any CPU.Build.0 = Debug|Any CPU
		{B902A4F3-1F82-4C5A-8D29-31AB0132A73E}.Release|Any CPU.ActiveCfg = Release|Any CPU
		{B902A4F3-1F82-4C5A-8D29-31AB0132A73E}.Release|Any CPU.Build.0 = Release|Any CPU
		{E93BFADC-7834-4BC3-8A5E-8C460A4698BB}.Debug|Any CPU.ActiveCfg = Debug|Any CPU
		{E93BFADC-7834-4BC3-8A5E-8C460A4698BB}.Debug|Any CPU.Build.0 = Debug|Any CPU
		{E93BFADC-7834-4BC3-8A5E-8C460A4698BB}.Release|Any CPU.ActiveCfg = Release|Any CPU
		{E93BFADC-7834-4BC3-8A5E-8C460A4698BB}.Release|Any CPU.Build.0 = Release|Any CPU
		{A233A451-7CE5-4C5D-8BBD-303EB2D8DA52}.Debug|Any CPU.ActiveCfg = Debug|Any CPU
		{A233A451-7CE5-4C5D-8BBD-303EB2D8DA52}.Debug|Any CPU.Build.0 = Debug|Any CPU
		{A233A451-7CE5-4C5D-8BBD-303EB2D8DA52}.Release|Any CPU.ActiveCfg = Release|Any CPU
		{A233A451-7CE5-4C5D-8BBD-303EB2D8DA52}.Release|Any CPU.Build.0 = Release|Any CPU
		{DF1BFB03-A262-490F-B09B-FE3A05ECE81E}.Debug|Any CPU.ActiveCfg = Debug|Any CPU
		{DF1BFB03-A262-490F-B09B-FE3A05ECE81E}.Debug|Any CPU.Build.0 = Debug|Any CPU
		{DF1BFB03-A262-490F-B09B-FE3A05ECE81E}.Release|Any CPU.ActiveCfg = Release|Any CPU
		{DF1BFB03-A262-490F-B09B-FE3A05ECE81E}.Release|Any CPU.Build.0 = Release|Any CPU
	EndGlobalSection
	GlobalSection(NestedProjects) = preSolution
		{9CE59632-951A-4541-BF9D-6D6EEE28DC22} = {C6041F21-63E7-4081-BB69-D0426F526D2F}
		{08DE666A-2FF8-471A-9EF5-CC0B2046BA3A} = {C6041F21-63E7-4081-BB69-D0426F526D2F}
		{5501C347-F93B-4E04-9C9D-1043530027F1} = {08DE666A-2FF8-471A-9EF5-CC0B2046BA3A}
		{C7C39F7D-A27A-4CF4-BE21-E4E991AFD83D} = {08DE666A-2FF8-471A-9EF5-CC0B2046BA3A}
		{6F97BF17-86F1-4B12-9637-5B713F92D085} = {08DE666A-2FF8-471A-9EF5-CC0B2046BA3A}
		{EAD0539F-E51F-45EC-8EF4-D0C9F7EFFA19} = {08DE666A-2FF8-471A-9EF5-CC0B2046BA3A}
		{A611846C-BCD3-4E46-878E-D328CE2289E1} = {C6041F21-63E7-4081-BB69-D0426F526D2F}
		{8433C65B-5F4B-4A3E-8B37-2E4EC5345689} = {A611846C-BCD3-4E46-878E-D328CE2289E1}
		{B902A4F3-1F82-4C5A-8D29-31AB0132A73E} = {EE23DAB5-4BE2-457A-86DD-9A24B1F0D95B}
		{E93BFADC-7834-4BC3-8A5E-8C460A4698BB} = {EE23DAB5-4BE2-457A-86DD-9A24B1F0D95B}
		{A233A451-7CE5-4C5D-8BBD-303EB2D8DA52} = {EE23DAB5-4BE2-457A-86DD-9A24B1F0D95B}
		{DF1BFB03-A262-490F-B09B-FE3A05ECE81E} = {EE23DAB5-4BE2-457A-86DD-9A24B1F0D95B}
	EndGlobalSection
EndGlobal
